
Microsoft Visual Studio Solution File, Format Version 12.00
# Visual Studio 15
VisualStudioVersion = 15.0.28010.2016
MinimumVisualStudioVersion = 10.0.40219.1
Project("{8BC9CEB8-8B4A-11D0-8D11-00A0C91BC942}") = "E05", "E05\E05.vcxproj", "{EB38FF17-9C8A-48CC-A05A-13244E7B26B2}"
EndProject
Project("{8BC9CEB8-8B4A-11D0-8D11-00A0C91BC942}") = "C11_TranslationAndScale", "C11_TranslationAndScale\C11_TranslationAndScale.vcxproj", "{F8D2226D-0FEB-4B92-9F76-59DBB6936F5C}"
EndProject
Global
	GlobalSection(SolutionConfigurationPlatforms) = preSolution
		Debug|x64 = Debug|x64
		Debug|x86 = Debug|x86
		Release|x64 = Release|x64
		Release|x86 = Release|x86
	EndGlobalSection
	GlobalSection(ProjectConfigurationPlatforms) = postSolution
		{EB38FF17-9C8A-48CC-A05A-13244E7B26B2}.Debug|x64.ActiveCfg = Debug|x64
		{EB38FF17-9C8A-48CC-A05A-13244E7B26B2}.Debug|x64.Build.0 = Debug|x64
		{EB38FF17-9C8A-48CC-A05A-13244E7B26B2}.Debug|x86.ActiveCfg = Debug|Win32
		{EB38FF17-9C8A-48CC-A05A-13244E7B26B2}.Debug|x86.Build.0 = Debug|Win32
		{EB38FF17-9C8A-48CC-A05A-13244E7B26B2}.Release|x64.ActiveCfg = Release|x64
		{EB38FF17-9C8A-48CC-A05A-13244E7B26B2}.Release|x64.Build.0 = Release|x64
		{EB38FF17-9C8A-48CC-A05A-13244E7B26B2}.Release|x86.ActiveCfg = Release|Win32
		{EB38FF17-9C8A-48CC-A05A-13244E7B26B2}.Release|x86.Build.0 = Release|Win32
		{F8D2226D-0FEB-4B92-9F76-59DBB6936F5C}.Debug|x64.ActiveCfg = Debug|Win32
		{F8D2226D-0FEB-4B92-9F76-59DBB6936F5C}.Debug|x86.ActiveCfg = Debug|Win32
		{F8D2226D-0FEB-4B92-9F76-59DBB6936F5C}.Debug|x86.Build.0 = Debug|Win32
		{F8D2226D-0FEB-4B92-9F76-59DBB6936F5C}.Release|x64.ActiveCfg = Release|Win32
		{F8D2226D-0FEB-4B92-9F76-59DBB6936F5C}.Release|x86.ActiveCfg = Release|Win32
		{F8D2226D-0FEB-4B92-9F76-59DBB6936F5C}.Release|x86.Build.0 = Release|Win32
	EndGlobalSection
	GlobalSection(SolutionProperties) = preSolution
		HideSolutionNode = FALSE
	EndGlobalSection
	GlobalSection(ExtensibilityGlobals) = postSolution
		SolutionGuid = {4510342F-F096-4A94-A3D3-70C238E06443}
	EndGlobalSection
EndGlobal
